schema: '2.0'
stages:
  prepare:
    cmd: uv run python src/data/prepare_dataset.py
    deps:
    - path: data/balanced_gold
      hash: md5
      md5: f0ae2435d38066c749da01874baaed01.dir
      size: 4991770043
      nfiles: 4213
    - path: src/data/prepare_dataset.py
      hash: md5
      md5: 8ef2f9738376dcc74fb54895340d5d3a
      size: 3253
    outs:
    - path: data/raw
      hash: md5
      md5: dee209442c3a8255e546adeff3d0f4e2.dir
      size: 4991770043
      nfiles: 4213
  train:
    cmd: uv run python src/ml/training/train.py
    deps:
    - path: configs/
      hash: md5
      md5: 859226f68e38c6bd9e8952f629ceb970.dir
      size: 690
      nfiles: 5
    - path: data/raw
      hash: md5
      md5: dee209442c3a8255e546adeff3d0f4e2.dir
      size: 4991770043
      nfiles: 4213
    - path: src/ml/data/dataloader.py
      hash: md5
      md5: 483d9d7f38dc7c13e9636f00362a83e8
      size: 2660
    - path: src/ml/evaluation/evaluator.py
      hash: md5
      md5: 88304fc10d420748c6521be2601c4f23
      size: 1388
    - path: src/ml/models/model.py
      hash: md5
      md5: b6501378a976daaed3a29abe17ed5dcf
      size: 2631
    - path: src/ml/training/train.py
      hash: md5
      md5: 074c2c68c35a98791c10bea85d776b79
      size: 6161
    - path: src/ml/training/trainer.py
      hash: md5
      md5: 81e7253858799057ec2dc5bb7c81d368
      size: 1329
    outs:
    - path: models/model.pth
      hash: md5
      md5: 64c303cad45b4b3437d8c5892750d300
      size: 9139403
